// !$*UTF8*$!
{
	archiveVersion = 1;
	classes = {
	};
	objectVersion = 56;
	objects = {

/* Begin PBXBuildFile section */
		4925ED492A837D5A00393AAC /* CineRaterApp.swift in Sources */ = {isa = PBXBuildFile; fileRef = 4925ED482A837D5A00393AAC /* CineRaterApp.swift */; };
		4925ED4B2A837D5A00393AAC /* ContentView.swift in Sources */ = {isa = PBXBuildFile; fileRef = 4925ED4A2A837D5A00393AAC /* ContentView.swift */; };
		4925ED4D2A837D5B00393AAC /* Assets.xcassets in Resources */ = {isa = PBXBuildFile; fileRef = 4925ED4C2A837D5B00393AAC /* Assets.xcassets */; };
		4925ED502A837D5B00393AAC /* Preview Assets.xcassets in Resources */ = {isa = PBXBuildFile; fileRef = 4925ED4F2A837D5B00393AAC /* Preview Assets.xcassets */; };
		4925ED5A2A837D5B00393AAC /* CineRaterTests.swift in Sources */ = {isa = PBXBuildFile; fileRef = 4925ED592A837D5B00393AAC /* CineRaterTests.swift */; };
		4925ED642A837D5B00393AAC /* CineRaterUITests.swift in Sources */ = {isa = PBXBuildFile; fileRef = 4925ED632A837D5B00393AAC /* CineRaterUITests.swift */; };
		4925ED662A837D5B00393AAC /* CineRaterUITestsLaunchTests.swift in Sources */ = {isa = PBXBuildFile; fileRef = 4925ED652A837D5B00393AAC /* CineRaterUITestsLaunchTests.swift */; };
		493582122A8B75E50008B462 /* MovieDetailView.swift in Sources */ = {isa = PBXBuildFile; fileRef = 493582112A8B75E50008B462 /* MovieDetailView.swift */; };
		4935D66C2A8A226C00477448 /* TrendingCard.swift in Sources */ = {isa = PBXBuildFile; fileRef = 4935D66B2A8A226C00477448 /* TrendingCard.swift */; };
		4935D66E2A8A231200477448 /* MovieDiscoverViewModel.swift in Sources */ = {isa = PBXBuildFile; fileRef = 4935D66D2A8A231200477448 /* MovieDiscoverViewModel.swift */; };
		4935D6702A8A234C00477448 /* TrendingResults.swift in Sources */ = {isa = PBXBuildFile; fileRef = 4935D66F2A8A234C00477448 /* TrendingResults.swift */; };
		4935D6722A8A236200477448 /* Movie.swift in Sources */ = {isa = PBXBuildFile; fileRef = 4935D6712A8A236200477448 /* Movie.swift */; };
		496CA9982A98620900BDB809 /* APIService.swift in Sources */ = {isa = PBXBuildFile; fileRef = 496CA9972A98620900BDB809 /* APIService.swift */; };
		496CA99A2A98629100BDB809 /* APIClient.swift in Sources */ = {isa = PBXBuildFile; fileRef = 496CA9992A98629100BDB809 /* APIClient.swift */; };
		496CA99C2A98667000BDB809 /* APIError.swift in Sources */ = {isa = PBXBuildFile; fileRef = 496CA99B2A98667000BDB809 /* APIError.swift */; };
		49AD2CB52ABD437100D810BA /* Constants.swift in Sources */ = {isa = PBXBuildFile; fileRef = 49AD2CB42ABD437100D810BA /* Constants.swift */; };
		49AEEA1E2A9C4AB1004B8F2C /* Environment.swift in Sources */ = {isa = PBXBuildFile; fileRef = 49AEEA1D2A9C4AB1004B8F2C /* Environment.swift */; };
		49AEEA212A9C54CF004B8F2C /* APIPreviewClient.swift in Sources */ = {isa = PBXBuildFile; fileRef = 49AEEA202A9C54CF004B8F2C /* APIPreviewClient.swift */; };
		49AEEA252A9C5875004B8F2C /* trending.json in Resources */ = {isa = PBXBuildFile; fileRef = 49AEEA242A9C5875004B8F2C /* trending.json */; };
		49AEEA282A9C5F9A004B8F2C /* APIEndPoint.swift in Sources */ = {isa = PBXBuildFile; fileRef = 49AEEA272A9C5F9A004B8F2C /* APIEndPoint.swift */; };
		49AEEA2A2A9C6FA3004B8F2C /* TypeAlias.swift in Sources */ = {isa = PBXBuildFile; fileRef = 49AEEA292A9C6FA3004B8F2C /* TypeAlias.swift */; };
		49AEEA2C2A9C7071004B8F2C /* HttpMethod.swift in Sources */ = {isa = PBXBuildFile; fileRef = 49AEEA2B2A9C7071004B8F2C /* HttpMethod.swift */; };
		49AEEA2E2A9CA7AE004B8F2C /* credits.json in Resources */ = {isa = PBXBuildFile; fileRef = 49AEEA2D2A9CA7AE004B8F2C /* credits.json */; };
		49AEEA302A9CA93F004B8F2C /* MovieCredits.swift in Sources */ = {isa = PBXBuildFile; fileRef = 49AEEA2F2A9CA93F004B8F2C /* MovieCredits.swift */; };
		49AEEA322A9CACC9004B8F2C /* person.json in Resources */ = {isa = PBXBuildFile; fileRef = 49AEEA312A9CACC9004B8F2C /* person.json */; };
		49D83D6B2A94A05B0009E3DD /* MovieDetailsViewModel.swift in Sources */ = {isa = PBXBuildFile; fileRef = 49D83D6A2A94A05B0009E3DD /* MovieDetailsViewModel.swift */; };
		49D83D6D2A94B7230009E3DD /* CastView.swift in Sources */ = {isa = PBXBuildFile; fileRef = 49D83D6C2A94B7230009E3DD /* CastView.swift */; };
		49E3048F2AA5B89800FFB3FB /* FileManager+Extension.swift in Sources */ = {isa = PBXBuildFile; fileRef = 49E3048E2AA5B89800FFB3FB /* FileManager+Extension.swift */; };
		49E304912AA5C92600FFB3FB /* DataStore.swift in Sources */ = {isa = PBXBuildFile; fileRef = 49E304902AA5C92600FFB3FB /* DataStore.swift */; };
		49E304932AA5DF6800FFB3FB /* FavouriteMovies.swift in Sources */ = {isa = PBXBuildFile; fileRef = 49E304922AA5DF6800FFB3FB /* FavouriteMovies.swift */; };
/* End PBXBuildFile section */

/* Begin PBXContainerItemProxy section */
		4925ED562A837D5B00393AAC /* PBXContainerItemProxy */ = {
			isa = PBXContainerItemProxy;
			containerPortal = 4925ED3D2A837D5A00393AAC /* Project object */;
			proxyType = 1;
			remoteGlobalIDString = 4925ED442A837D5A00393AAC;
			remoteInfo = CineRater;
		};
		4925ED602A837D5B00393AAC /* PBXContainerItemProxy */ = {
			isa = PBXContainerItemProxy;
			containerPortal = 4925ED3D2A837D5A00393AAC /* Project object */;
			proxyType = 1;
			remoteGlobalIDString = 4925ED442A837D5A00393AAC;
			remoteInfo = CineRater;
		};
/* End PBXContainerItemProxy section */

/* Begin PBXFileReference section */
		4925ED452A837D5A00393AAC /* CineRater.app */ = {isa = PBXFileReference; explicitFileType = wrapper.application; includeInIndex = 0; path = CineRater.app; sourceTree = BUILT_PRODUCTS_DIR; };
		4925ED482A837D5A00393AAC /* CineRaterApp.swift */ = {isa = PBXFileReference; lastKnownFileType = sourcecode.swift; path = CineRaterApp.swift; sourceTree = "<group>"; };
		4925ED4A2A837D5A00393AAC /* ContentView.swift */ = {isa = PBXFileReference; lastKnownFileType = sourcecode.swift; path = ContentView.swift; sourceTree = "<group>"; };
		4925ED4C2A837D5B00393AAC /* Assets.xcassets */ = {isa = PBXFileReference; lastKnownFileType = folder.assetcatalog; path = Assets.xcassets; sourceTree = "<group>"; };
		4925ED4F2A837D5B00393AAC /* Preview Assets.xcassets */ = {isa = PBXFileReference; lastKnownFileType = folder.assetcatalog; path = "Preview Assets.xcassets"; sourceTree = "<group>"; };
		4925ED552A837D5B00393AAC /* CineRaterTests.xctest */ = {isa = PBXFileReference; explicitFileType = wrapper.cfbundle; includeInIndex = 0; path = CineRaterTests.xctest; sourceTree = BUILT_PRODUCTS_DIR; };
		4925ED592A837D5B00393AAC /* CineRaterTests.swift */ = {isa = PBXFileReference; lastKnownFileType = sourcecode.swift; path = CineRaterTests.swift; sourceTree = "<group>"; };
		4925ED5F2A837D5B00393AAC /* CineRaterUITests.xctest */ = {isa = PBXFileReference; explicitFileType = wrapper.cfbundle; includeInIndex = 0; path = CineRaterUITests.xctest; sourceTree = BUILT_PRODUCTS_DIR; };
		4925ED632A837D5B00393AAC /* CineRaterUITests.swift */ = {isa = PBXFileReference; lastKnownFileType = sourcecode.swift; path = CineRaterUITests.swift; sourceTree = "<group>"; };
		4925ED652A837D5B00393AAC /* CineRaterUITestsLaunchTests.swift */ = {isa = PBXFileReference; lastKnownFileType = sourcecode.swift; path = CineRaterUITestsLaunchTests.swift; sourceTree = "<group>"; };
		493582112A8B75E50008B462 /* MovieDetailView.swift */ = {isa = PBXFileReference; lastKnownFileType = sourcecode.swift; path = MovieDetailView.swift; sourceTree = "<group>"; };
		4935D66B2A8A226C00477448 /* TrendingCard.swift */ = {isa = PBXFileReference; lastKnownFileType = sourcecode.swift; path = TrendingCard.swift; sourceTree = "<group>"; };
		4935D66D2A8A231200477448 /* MovieDiscoverViewModel.swift */ = {isa = PBXFileReference; lastKnownFileType = sourcecode.swift; path = MovieDiscoverViewModel.swift; sourceTree = "<group>"; };
		4935D66F2A8A234C00477448 /* TrendingResults.swift */ = {isa = PBXFileReference; lastKnownFileType = sourcecode.swift; path = TrendingResults.swift; sourceTree = "<group>"; };
		4935D6712A8A236200477448 /* Movie.swift */ = {isa = PBXFileReference; lastKnownFileType = sourcecode.swift; path = Movie.swift; sourceTree = "<group>"; };
		496CA9972A98620900BDB809 /* APIService.swift */ = {isa = PBXFileReference; lastKnownFileType = sourcecode.swift; path = APIService.swift; sourceTree = "<group>"; };
		496CA9992A98629100BDB809 /* APIClient.swift */ = {isa = PBXFileReference; lastKnownFileType = sourcecode.swift; path = APIClient.swift; sourceTree = "<group>"; };
		496CA99B2A98667000BDB809 /* APIError.swift */ = {isa = PBXFileReference; lastKnownFileType = sourcecode.swift; path = APIError.swift; sourceTree = "<group>"; };
		49AD2CB42ABD437100D810BA /* Constants.swift */ = {isa = PBXFileReference; lastKnownFileType = sourcecode.swift; path = Constants.swift; sourceTree = "<group>"; };
		49AEEA1D2A9C4AB1004B8F2C /* Environment.swift */ = {isa = PBXFileReference; lastKnownFileType = sourcecode.swift; path = Environment.swift; sourceTree = "<group>"; };
		49AEEA202A9C54CF004B8F2C /* APIPreviewClient.swift */ = {isa = PBXFileReference; lastKnownFileType = sourcecode.swift; path = APIPreviewClient.swift; sourceTree = "<group>"; };
		49AEEA242A9C5875004B8F2C /* trending.json */ = {isa = PBXFileReference; fileEncoding = 4; lastKnownFileType = text.json; path = trending.json; sourceTree = "<group>"; };
		49AEEA272A9C5F9A004B8F2C /* APIEndPoint.swift */ = {isa = PBXFileReference; lastKnownFileType = sourcecode.swift; path = APIEndPoint.swift; sourceTree = "<group>"; };
		49AEEA292A9C6FA3004B8F2C /* TypeAlias.swift */ = {isa = PBXFileReference; lastKnownFileType = sourcecode.swift; path = TypeAlias.swift; sourceTree = "<group>"; };
		49AEEA2B2A9C7071004B8F2C /* HttpMethod.swift */ = {isa = PBXFileReference; lastKnownFileType = sourcecode.swift; path = HttpMethod.swift; sourceTree = "<group>"; };
		49AEEA2D2A9CA7AE004B8F2C /* credits.json */ = {isa = PBXFileReference; fileEncoding = 4; lastKnownFileType = text.json; path = credits.json; sourceTree = "<group>"; };
		49AEEA2F2A9CA93F004B8F2C /* MovieCredits.swift */ = {isa = PBXFileReference; lastKnownFileType = sourcecode.swift; path = MovieCredits.swift; sourceTree = "<group>"; };
		49AEEA312A9CACC9004B8F2C /* person.json */ = {isa = PBXFileReference; fileEncoding = 4; lastKnownFileType = text.json; path = person.json; sourceTree = "<group>"; };
		49D83D6A2A94A05B0009E3DD /* MovieDetailsViewModel.swift */ = {isa = PBXFileReference; lastKnownFileType = sourcecode.swift; path = MovieDetailsViewModel.swift; sourceTree = "<group>"; };
		49D83D6C2A94B7230009E3DD /* CastView.swift */ = {isa = PBXFileReference; lastKnownFileType = sourcecode.swift; path = CastView.swift; sourceTree = "<group>"; };
		49E3048E2AA5B89800FFB3FB /* FileManager+Extension.swift */ = {isa = PBXFileReference; lastKnownFileType = sourcecode.swift; path = "FileManager+Extension.swift"; sourceTree = "<group>"; };
		49E304902AA5C92600FFB3FB /* DataStore.swift */ = {isa = PBXFileReference; lastKnownFileType = sourcecode.swift; path = DataStore.swift; sourceTree = "<group>"; };
		49E304922AA5DF6800FFB3FB /* FavouriteMovies.swift */ = {isa = PBXFileReference; lastKnownFileType = sourcecode.swift; path = FavouriteMovies.swift; sourceTree = "<group>"; };
/* End PBXFileReference section */

/* Begin PBXFrameworksBuildPhase section */
		4925ED422A837D5A00393AAC /* Frameworks */ = {
			isa = PBXFrameworksBuildPhase;
			buildActionMask = 2147483647;
			files = (
			);
			runOnlyForDeploymentPostprocessing = 0;
		};
		4925ED522A837D5B00393AAC /* Frameworks */ = {
			isa = PBXFrameworksBuildPhase;
			buildActionMask = 2147483647;
			files = (
			);
			runOnlyForDeploymentPostprocessing = 0;
		};
		4925ED5C2A837D5B00393AAC /* Frameworks */ = {
			isa = PBXFrameworksBuildPhase;
			buildActionMask = 2147483647;
			files = (
			);
			runOnlyForDeploymentPostprocessing = 0;
		};
/* End PBXFrameworksBuildPhase section */

/* Begin PBXGroup section */
		4925ED3C2A837D5A00393AAC = {
			isa = PBXGroup;
			children = (
				4925ED472A837D5A00393AAC /* CineRater */,
				4925ED582A837D5B00393AAC /* CineRaterTests */,
				4925ED622A837D5B00393AAC /* CineRaterUITests */,
				4925ED462A837D5A00393AAC /* Products */,
			);
			sourceTree = "<group>";
		};
		4925ED462A837D5A00393AAC /* Products */ = {
			isa = PBXGroup;
			children = (
				4925ED452A837D5A00393AAC /* CineRater.app */,
				4925ED552A837D5B00393AAC /* CineRaterTests.xctest */,
				4925ED5F2A837D5B00393AAC /* CineRaterUITests.xctest */,
			);
			name = Products;
			sourceTree = "<group>";
		};
		4925ED472A837D5A00393AAC /* CineRater */ = {
			isa = PBXGroup;
			children = (
				4925ED482A837D5A00393AAC /* CineRaterApp.swift */,
				493582112A8B75E50008B462 /* MovieDetailView.swift */,
				49AEEA332A9CAEC8004B8F2C /* ViewModel */,
				4925ED4A2A837D5A00393AAC /* ContentView.swift */,
				49E304922AA5DF6800FFB3FB /* FavouriteMovies.swift */,
				49D83D692A94A03E0009E3DD /* model */,
				4925ED4C2A837D5B00393AAC /* Assets.xcassets */,
				4925ED4E2A837D5B00393AAC /* Preview Content */,
				4935D66B2A8A226C00477448 /* TrendingCard.swift */,
				49D83D6C2A94B7230009E3DD /* CastView.swift */,
				49AEEA232A9C5521004B8F2C /* Protocols */,
				49AEEA222A9C5513004B8F2C /* Networking */,
				49AEEA1F2A9C4ABC004B8F2C /* Configuration */,
				49E3048E2AA5B89800FFB3FB /* FileManager+Extension.swift */,
				49AD2CB42ABD437100D810BA /* Constants.swift */,
			);
			path = CineRater;
			sourceTree = "<group>";
		};
		4925ED4E2A837D5B00393AAC /* Preview Content */ = {
			isa = PBXGroup;
			children = (
				49AEEA2D2A9CA7AE004B8F2C /* credits.json */,
				49AEEA312A9CACC9004B8F2C /* person.json */,
				49AEEA242A9C5875004B8F2C /* trending.json */,
				4925ED4F2A837D5B00393AAC /* Preview Assets.xcassets */,
			);
			path = "Preview Content";
			sourceTree = "<group>";
		};
		4925ED582A837D5B00393AAC /* CineRaterTests */ = {
			isa = PBXGroup;
			children = (
				4925ED592A837D5B00393AAC /* CineRaterTests.swift */,
			);
			path = CineRaterTests;
			sourceTree = "<group>";
		};
		4925ED622A837D5B00393AAC /* CineRaterUITests */ = {
			isa = PBXGroup;
			children = (
				4925ED632A837D5B00393AAC /* CineRaterUITests.swift */,
				4925ED652A837D5B00393AAC /* CineRaterUITestsLaunchTests.swift */,
			);
			path = CineRaterUITests;
			sourceTree = "<group>";
		};
		49AEEA1F2A9C4ABC004B8F2C /* Configuration */ = {
			isa = PBXGroup;
			children = (
				49AEEA1D2A9C4AB1004B8F2C /* Environment.swift */,
				49AEEA292A9C6FA3004B8F2C /* TypeAlias.swift */,
			);
			path = Configuration;
			sourceTree = "<group>";
		};
		49AEEA222A9C5513004B8F2C /* Networking */ = {
			isa = PBXGroup;
			children = (
				49AEEA202A9C54CF004B8F2C /* APIPreviewClient.swift */,
				496CA9992A98629100BDB809 /* APIClient.swift */,
				49AEEA262A9C5F6E004B8F2C /* Types */,
			);
			path = Networking;
			sourceTree = "<group>";
		};
		49AEEA232A9C5521004B8F2C /* Protocols */ = {
			isa = PBXGroup;
			children = (
				496CA9972A98620900BDB809 /* APIService.swift */,
			);
			path = Protocols;
			sourceTree = "<group>";
		};
		49AEEA262A9C5F6E004B8F2C /* Types */ = {
			isa = PBXGroup;
			children = (
				496CA99B2A98667000BDB809 /* APIError.swift */,
				49AEEA272A9C5F9A004B8F2C /* APIEndPoint.swift */,
				49AEEA2B2A9C7071004B8F2C /* HttpMethod.swift */,
			);
			path = Types;
			sourceTree = "<group>";
		};
		49AEEA332A9CAEC8004B8F2C /* ViewModel */ = {
			isa = PBXGroup;
			children = (
				49D83D6A2A94A05B0009E3DD /* MovieDetailsViewModel.swift */,
				4935D66D2A8A231200477448 /* MovieDiscoverViewModel.swift */,
				49E304902AA5C92600FFB3FB /* DataStore.swift */,
			);
			path = ViewModel;
			sourceTree = "<group>";
		};
		49D83D692A94A03E0009E3DD /* model */ = {
			isa = PBXGroup;
			children = (
				4935D6712A8A236200477448 /* Movie.swift */,
				4935D66F2A8A234C00477448 /* TrendingResults.swift */,
				49AEEA2F2A9CA93F004B8F2C /* MovieCredits.swift */,
			);
			path = model;
			sourceTree = "<group>";
		};
/* End PBXGroup section */

/* Begin PBXNativeTarget section */
		4925ED442A837D5A00393AAC /* CineRater */ = {
			isa = PBXNativeTarget;
			buildConfigurationList = 4925ED692A837D5B00393AAC /* Build configuration list for PBXNativeTarget "CineRater" */;
			buildPhases = (
				4925ED412A837D5A00393AAC /* Sources */,
				4925ED422A837D5A00393AAC /* Frameworks */,
				4925ED432A837D5A00393AAC /* Resources */,
				49B732592A9702820042BC1E /* ShellScript */,
			);
			buildRules = (
			);
			dependencies = (
			);
			name = CineRater;
			productName = CineRater;
			productReference = 4925ED452A837D5A00393AAC /* CineRater.app */;
			productType = "com.apple.product-type.application";
		};
		4925ED542A837D5B00393AAC /* CineRaterTests */ = {
			isa = PBXNativeTarget;
			buildConfigurationList = 4925ED6C2A837D5B00393AAC /* Build configuration list for PBXNativeTarget "CineRaterTests" */;
			buildPhases = (
				4925ED512A837D5B00393AAC /* Sources */,
				4925ED522A837D5B00393AAC /* Frameworks */,
				4925ED532A837D5B00393AAC /* Resources */,
			);
			buildRules = (
			);
			dependencies = (
				4925ED572A837D5B00393AAC /* PBXTargetDependency */,
			);
			name = CineRaterTests;
			productName = CineRaterTests;
			productReference = 4925ED552A837D5B00393AAC /* CineRaterTests.xctest */;
			productType = "com.apple.product-type.bundle.unit-test";
		};
		4925ED5E2A837D5B00393AAC /* CineRaterUITests */ = {
			isa = PBXNativeTarget;
			buildConfigurationList = 4925ED6F2A837D5B00393AAC /* Build configuration list for PBXNativeTarget "CineRaterUITests" */;
			buildPhases = (
				4925ED5B2A837D5B00393AAC /* Sources */,
				4925ED5C2A837D5B00393AAC /* Frameworks */,
				4925ED5D2A837D5B00393AAC /* Resources */,
			);
			buildRules = (
			);
			dependencies = (
				4925ED612A837D5B00393AAC /* PBXTargetDependency */,
			);
			name = CineRaterUITests;
			productName = CineRaterUITests;
			productReference = 4925ED5F2A837D5B00393AAC /* CineRaterUITests.xctest */;
			productType = "com.apple.product-type.bundle.ui-testing";
		};
/* End PBXNativeTarget section */

/* Begin PBXProject section */
		4925ED3D2A837D5A00393AAC /* Project object */ = {
			isa = PBXProject;
			attributes = {
				BuildIndependentTargetsInParallel = 1;
				LastSwiftUpdateCheck = 1420;
				LastUpgradeCheck = 1420;
				TargetAttributes = {
					4925ED442A837D5A00393AAC = {
						CreatedOnToolsVersion = 14.2;
					};
					4925ED542A837D5B00393AAC = {
						CreatedOnToolsVersion = 14.2;
						TestTargetID = 4925ED442A837D5A00393AAC;
					};
					4925ED5E2A837D5B00393AAC = {
						CreatedOnToolsVersion = 14.2;
						TestTargetID = 4925ED442A837D5A00393AAC;
					};
				};
			};
			buildConfigurationList = 4925ED402A837D5A00393AAC /* Build configuration list for PBXProject "CineRater" */;
			compatibilityVersion = "Xcode 14.0";
			developmentRegion = en;
			hasScannedForEncodings = 0;
			knownRegions = (
				en,
				Base,
			);
			mainGroup = 4925ED3C2A837D5A00393AAC;
			productRefGroup = 4925ED462A837D5A00393AAC /* Products */;
			projectDirPath = "";
			projectRoot = "";
			targets = (
				4925ED442A837D5A00393AAC /* CineRater */,
				4925ED542A837D5B00393AAC /* CineRaterTests */,
				4925ED5E2A837D5B00393AAC /* CineRaterUITests */,
			);
		};
/* End PBXProject section */

/* Begin PBXResourcesBuildPhase section */
		4925ED432A837D5A00393AAC /* Resources */ = {
			isa = PBXResourcesBuildPhase;
			buildActionMask = 2147483647;
			files = (
				49AEEA252A9C5875004B8F2C /* trending.json in Resources */,
				4925ED502A837D5B00393AAC /* Preview Assets.xcassets in Resources */,
				49AEEA2E2A9CA7AE004B8F2C /* credits.json in Resources */,
				49AEEA322A9CACC9004B8F2C /* person.json in Resources */,
				4925ED4D2A837D5B00393AAC /* Assets.xcassets in Resources */,
			);
			runOnlyForDeploymentPostprocessing = 0;
		};
		4925ED532A837D5B00393AAC /* Resources */ = {
			isa = PBXResourcesBuildPhase;
			buildActionMask = 2147483647;
			files = (
			);
			runOnlyForDeploymentPostprocessing = 0;
		};
		4925ED5D2A837D5B00393AAC /* Resources */ = {
			isa = PBXResourcesBuildPhase;
			buildActionMask = 2147483647;
			files = (
			);
			runOnlyForDeploymentPostprocessing = 0;
		};
/* End PBXResourcesBuildPhase section */

/* Begin PBXShellScriptBuildPhase section */
		49B732592A9702820042BC1E /* ShellScript */ = {
			isa = PBXShellScriptBuildPhase;
			alwaysOutOfDate = 1;
			buildActionMask = 2147483647;
			files = (
			);
			inputFileListPaths = (
			);
			inputPaths = (
			);
			outputFileListPaths = (
			);
			outputPaths = (
			);
			runOnlyForDeploymentPostprocessing = 0;
			shellPath = /bin/sh;
			shellScript = "xcrun agvtool next-version -all\n";
		};
/* End PBXShellScriptBuildPhase section */

/* Begin PBXSourcesBuildPhase section */
		4925ED412A837D5A00393AAC /* Sources */ = {
			isa = PBXSourcesBuildPhase;
			buildActionMask = 2147483647;
			files = (
				49D83D6B2A94A05B0009E3DD /* MovieDetailsViewModel.swift in Sources */,
				49E3048F2AA5B89800FFB3FB /* FileManager+Extension.swift in Sources */,
				4935D6702A8A234C00477448 /* TrendingResults.swift in Sources */,
				4935D66C2A8A226C00477448 /* TrendingCard.swift in Sources */,
				49AEEA302A9CA93F004B8F2C /* MovieCredits.swift in Sources */,
				49D83D6D2A94B7230009E3DD /* CastView.swift in Sources */,
				49AD2CB52ABD437100D810BA /* Constants.swift in Sources */,
				4925ED4B2A837D5A00393AAC /* ContentView.swift in Sources */,
				496CA99C2A98667000BDB809 /* APIError.swift in Sources */,
				49AEEA2A2A9C6FA3004B8F2C /* TypeAlias.swift in Sources */,
				49AEEA212A9C54CF004B8F2C /* APIPreviewClient.swift in Sources */,
				49AEEA2C2A9C7071004B8F2C /* HttpMethod.swift in Sources */,
				496CA99A2A98629100BDB809 /* APIClient.swift in Sources */,
				49E304932AA5DF6800FFB3FB /* FavouriteMovies.swift in Sources */,
				4925ED492A837D5A00393AAC /* CineRaterApp.swift in Sources */,
				49E304912AA5C92600FFB3FB /* DataStore.swift in Sources */,
				49AEEA1E2A9C4AB1004B8F2C /* Environment.swift in Sources */,
				496CA9982A98620900BDB809 /* APIService.swift in Sources */,
				49AEEA282A9C5F9A004B8F2C /* APIEndPoint.swift in Sources */,
				4935D66E2A8A231200477448 /* MovieDiscoverViewModel.swift in Sources */,
				4935D6722A8A236200477448 /* Movie.swift in Sources */,
				493582122A8B75E50008B462 /* MovieDetailView.swift in Sources */,
			);
			runOnlyForDeploymentPostprocessing = 0;
		};
		4925ED512A837D5B00393AAC /* Sources */ = {
			isa = PBXSourcesBuildPhase;
			buildActionMask = 2147483647;
			files = (
				4925ED5A2A837D5B00393AAC /* CineRaterTests.swift in Sources */,
			);
			runOnlyForDeploymentPostprocessing = 0;
		};
		4925ED5B2A837D5B00393AAC /* Sources */ = {
			isa = PBXSourcesBuildPhase;
			buildActionMask = 2147483647;
			files = (
				4925ED662A837D5B00393AAC /* CineRaterUITestsLaunchTests.swift in Sources */,
				4925ED642A837D5B00393AAC /* CineRaterUITests.swift in Sources */,
			);
			runOnlyForDeploymentPostprocessing = 0;
		};
/* End PBXSourcesBuildPhase section */

/* Begin PBXTargetDependency section */
		4925ED572A837D5B00393AAC /* PBXTargetDependency */ = {
			isa = PBXTargetDependency;
			target = 4925ED442A837D5A00393AAC /* CineRater */;
			targetProxy = 4925ED562A837D5B00393AAC /* PBXContainerItemProxy */;
		};
		4925ED612A837D5B00393AAC /* PBXTargetDependency */ = {
			isa = PBXTargetDependency;
			target = 4925ED442A837D5A00393AAC /* CineRater */;
			targetProxy = 4925ED602A837D5B00393AAC /* PBXContainerItemProxy */;
		};
/* End PBXTargetDependency section */

/* Begin XCBuildConfiguration section */
		4925ED672A837D5B00393AAC /* Debug */ = {
			isa = XCBuildConfiguration;
			buildSettings = {
				ALWAYS_SEARCH_USER_PATHS = NO;
				CLANG_ANALYZER_NONNULL = YES;
				CLANG_ANALYZER_NUMBER_OBJECT_CONVERSION = YES_AGGRESSIVE;
				CLANG_CXX_LANGUAGE_STANDARD = "gnu++20";
				CLANG_ENABLE_MODULES = YES;
				CLANG_ENABLE_OBJC_ARC = YES;
				CLANG_ENABLE_OBJC_WEAK = YES;
				CLANG_WARN_BLOCK_CAPTURE_AUTORELEASING = YES;
				CLANG_WARN_BOOL_CONVERSION = YES;
				CLANG_WARN_COMMA = YES;
				CLANG_WARN_CONSTANT_CONVERSION = YES;
				CLANG_WARN_DEPRECATED_OBJC_IMPLEMENTATIONS = YES;
				CLANG_WARN_DIRECT_OBJC_ISA_USAGE = YES_ERROR;
				CLANG_WARN_DOCUMENTATION_COMMENTS = YES;
				CLANG_WARN_EMPTY_BODY = YES;
				CLANG_WARN_ENUM_CONVERSION = YES;
				CLANG_WARN_INFINITE_RECURSION = YES;
				CLANG_WARN_INT_CONVERSION = YES;
				CLANG_WARN_NON_LITERAL_NULL_CONVERSION = YES;
				CLANG_WARN_OBJC_IMPLICIT_RETAIN_SELF = YES;
				CLANG_WARN_OBJC_LITERAL_CONVERSION = YES;
				CLANG_WARN_OBJC_ROOT_CLASS = YES_ERROR;
				CLANG_WARN_QUOTED_INCLUDE_IN_FRAMEWORK_HEADER = YES;
				CLANG_WARN_RANGE_LOOP_ANALYSIS = YES;
				CLANG_WARN_STRICT_PROTOTYPES = YES;
				CLANG_WARN_SUSPICIOUS_MOVE = YES;
				CLANG_WARN_UNGUARDED_AVAILABILITY = YES_AGGRESSIVE;
				CLANG_WARN_UNREACHABLE_CODE = YES;
				CLANG_WARN__DUPLICATE_METHOD_MATCH = YES;
				CODE_SIGN_IDENTITY = "Apple Distribution";
				COPY_PHASE_STRIP = NO;
				DEBUG_INFORMATION_FORMAT = dwarf;
				ENABLE_STRICT_OBJC_MSGSEND = YES;
				ENABLE_TESTABILITY = YES;
				GCC_C_LANGUAGE_STANDARD = gnu11;
				GCC_DYNAMIC_NO_PIC = NO;
				GCC_NO_COMMON_BLOCKS = YES;
				GCC_OPTIMIZATION_LEVEL = 0;
				GCC_PREPROCESSOR_DEFINITIONS = (
					"DEBUG=1",
					"$(inherited)",
				);
				GCC_WARN_64_TO_32_BIT_CONVERSION = YES;
				GCC_WARN_ABOUT_RETURN_TYPE = YES_ERROR;
				GCC_WARN_UNDECLARED_SELECTOR = YES;
				GCC_WARN_UNINITIALIZED_AUTOS = YES_AGGRESSIVE;
				GCC_WARN_UNUSED_FUNCTION = YES;
				GCC_WARN_UNUSED_VARIABLE = YES;
				IPHONEOS_DEPLOYMENT_TARGET = 17.0;
				MTL_ENABLE_DEBUG_INFO = INCLUDE_SOURCE;
				MTL_FAST_MATH = YES;
				ONLY_ACTIVE_ARCH = YES;
				SDKROOT = iphoneos;
				SWIFT_ACTIVE_COMPILATION_CONDITIONS = DEBUG;
				SWIFT_OPTIMIZATION_LEVEL = "-Onone";
			};
			name = Debug;
		};
		4925ED682A837D5B00393AAC /* Release */ = {
			isa = XCBuildConfiguration;
			buildSettings = {
				ALWAYS_SEARCH_USER_PATHS = NO;
				CLANG_ANALYZER_NONNULL = YES;
				CLANG_ANALYZER_NUMBER_OBJECT_CONVERSION = YES_AGGRESSIVE;
				CLANG_CXX_LANGUAGE_STANDARD = "gnu++20";
				CLANG_ENABLE_MODULES = YES;
				CLANG_ENABLE_OBJC_ARC = YES;
				CLANG_ENABLE_OBJC_WEAK = YES;
				CLANG_WARN_BLOCK_CAPTURE_AUTORELEASING = YES;
				CLANG_WARN_BOOL_CONVERSION = YES;
				CLANG_WARN_COMMA = YES;
				CLANG_WARN_CONSTANT_CONVERSION = YES;
				CLANG_WARN_DEPRECATED_OBJC_IMPLEMENTATIONS = YES;
				CLANG_WARN_DIRECT_OBJC_ISA_USAGE = YES_ERROR;
				CLANG_WARN_DOCUMENTATION_COMMENTS = YES;
				CLANG_WARN_EMPTY_BODY = YES;
				CLANG_WARN_ENUM_CONVERSION = YES;
				CLANG_WARN_INFINITE_RECURSION = YES;
				CLANG_WARN_INT_CONVERSION = YES;
				CLANG_WARN_NON_LITERAL_NULL_CONVERSION = YES;
				CLANG_WARN_OBJC_IMPLICIT_RETAIN_SELF = YES;
				CLANG_WARN_OBJC_LITERAL_CONVERSION = YES;
				CLANG_WARN_OBJC_ROOT_CLASS = YES_ERROR;
				CLANG_WARN_QUOTED_INCLUDE_IN_FRAMEWORK_HEADER = YES;
				CLANG_WARN_RANGE_LOOP_ANALYSIS = YES;
				CLANG_WARN_STRICT_PROTOTYPES = YES;
				CLANG_WARN_SUSPICIOUS_MOVE = YES;
				CLANG_WARN_UNGUARDED_AVAILABILITY = YES_AGGRESSIVE;
				CLANG_WARN_UNREACHABLE_CODE = YES;
				CLANG_WARN__DUPLICATE_METHOD_MATCH = YES;
				CODE_SIGN_IDENTITY = "Apple Distribution";
				COPY_PHASE_STRIP = NO;
				DEBUG_INFORMATION_FORMAT = "dwarf-with-dsym";
				ENABLE_NS_ASSERTIONS = NO;
				ENABLE_STRICT_OBJC_MSGSEND = YES;
				GCC_C_LANGUAGE_STANDARD = gnu11;
				GCC_NO_COMMON_BLOCKS = YES;
				GCC_WARN_64_TO_32_BIT_CONVERSION = YES;
				GCC_WARN_ABOUT_RETURN_TYPE = YES_ERROR;
				GCC_WARN_UNDECLARED_SELECTOR = YES;
				GCC_WARN_UNINITIALIZED_AUTOS = YES_AGGRESSIVE;
				GCC_WARN_UNUSED_FUNCTION = YES;
				GCC_WARN_UNUSED_VARIABLE = YES;
				IPHONEOS_DEPLOYMENT_TARGET = 17.0;
				MTL_ENABLE_DEBUG_INFO = NO;
				MTL_FAST_MATH = YES;
				SDKROOT = iphoneos;
				SWIFT_COMPILATION_MODE = wholemodule;
				SWIFT_OPTIMIZATION_LEVEL = "-O";
				VALIDATE_PRODUCT = YES;
			};
			name = Release;
		};
		4925ED6A2A837D5B00393AAC /* Debug */ = {
			isa = XCBuildConfiguration;
			buildSettings = {
				ASSETCATALOG_COMPILER_APPICON_NAME = AppIcon;
				ASSETCATALOG_COMPILER_GLOBAL_ACCENT_COLOR_NAME = AccentColor;
				CODE_SIGN_IDENTITY = "Apple Development";
				"CODE_SIGN_IDENTITY[sdk=iphoneos*]" = "iPhone Distribution";
				CODE_SIGN_STYLE = Manual;
				CURRENT_PROJECT_VERSION = 58;
				DEVELOPMENT_ASSET_PATHS = "\"CineRater/Preview Content\"";
				DEVELOPMENT_TEAM = "";
				"DEVELOPMENT_TEAM[sdk=iphoneos*]" = YE28Y3LX8V;
				ENABLE_PREVIEWS = YES;
				GCC_OPTIMIZATION_LEVEL = 0;
				GENERATE_INFOPLIST_FILE = YES;
				INFOPLIST_KEY_UIApplicationSceneManifest_Generation = YES;
				INFOPLIST_KEY_UIApplicationSupportsIndirectInputEvents = YES;
				INFOPLIST_KEY_UILaunchScreen_Generation = YES;
				INFOPLIST_KEY_UIStatusBarStyle = UIStatusBarStyleDarkContent;
				INFOPLIST_KEY_UISupportedInterfaceOrientations = UIInterfaceOrientationPortrait;
				IPHONEOS_DEPLOYMENT_TARGET = 17.0;
				LD_RUNPATH_SEARCH_PATHS = (
					"$(inherited)",
					"@executable_path/Frameworks",
				);
				MARKETING_VERSION = 1.0;
				PRODUCT_BUNDLE_IDENTIFIER = com.7peakssoftware.cinerater.CineRater;
				PRODUCT_NAME = "$(TARGET_NAME)";
				PROVISIONING_PROFILE_SPECIFIER = "";
				"PROVISIONING_PROFILE_SPECIFIER[sdk=iphoneos*]" = CineRater;
				SWIFT_EMIT_LOC_STRINGS = YES;
				SWIFT_OPTIMIZATION_LEVEL = "-Onone";
				SWIFT_VERSION = 5.0;
				TARGETED_DEVICE_FAMILY = "1,2";
				VERSIONING_SYSTEM = "apple-generic";
			};
			name = Debug;
		};
		4925ED6B2A837D5B00393AAC /* Release */ = {
			isa = XCBuildConfiguration;
			buildSettings = {
				ASSETCATALOG_COMPILER_APPICON_NAME = AppIcon;
				ASSETCATALOG_COMPILER_GLOBAL_ACCENT_COLOR_NAME = AccentColor;
				CODE_SIGN_IDENTITY = "Apple Development";
				"CODE_SIGN_IDENTITY[sdk=iphoneos*]" = "iPhone Distribution";
				CODE_SIGN_STYLE = Manual;
				CURRENT_PROJECT_VERSION = 58;
				DEVELOPMENT_ASSET_PATHS = "\"CineRater/Preview Content\"";
				DEVELOPMENT_TEAM = "";
				"DEVELOPMENT_TEAM[sdk=iphoneos*]" = YE28Y3LX8V;
				ENABLE_PREVIEWS = YES;
				GCC_OPTIMIZATION_LEVEL = 0;
				GENERATE_INFOPLIST_FILE = YES;
				INFOPLIST_KEY_UIApplicationSceneManifest_Generation = YES;
				INFOPLIST_KEY_UIApplicationSupportsIndirectInputEvents = YES;
				INFOPLIST_KEY_UILaunchScreen_Generation = YES;
				INFOPLIST_KEY_UIStatusBarStyle = UIStatusBarStyleDarkContent;
				INFOPLIST_KEY_UISupportedInterfaceOrientations = UIInterfaceOrientationPortrait;
				IPHONEOS_DEPLOYMENT_TARGET = 17.0;
				LD_RUNPATH_SEARCH_PATHS = (
					"$(inherited)",
					"@executable_path/Frameworks",
				);
				MARKETING_VERSION = 1.0;
				PRODUCT_BUNDLE_IDENTIFIER = com.7peakssoftware.cinerater.CineRater;
				PRODUCT_NAME = "$(TARGET_NAME)";
				PROVISIONING_PROFILE_SPECIFIER = "";
				"PROVISIONING_PROFILE_SPECIFIER[sdk=iphoneos*]" = CineRater;
				SWIFT_EMIT_LOC_STRINGS = YES;
				SWIFT_OPTIMIZATION_LEVEL = "-Onone";
				SWIFT_VERSION = 5.0;
				TARGETED_DEVICE_FAMILY = "1,2";
				VERSIONING_SYSTEM = "apple-generic";
			};
			name = Release;
		};
		4925ED6D2A837D5B00393AAC /* Debug */ = {
			isa = XCBuildConfiguration;
			buildSettings = {
				ALWAYS_EMBED_SWIFT_STANDARD_LIBRARIES = YES;
				BUNDLE_LOADER = "$(TEST_HOST)";
				CODE_SIGN_STYLE = Automatic;
				CURRENT_PROJECT_VERSION = 58;
				DEVELOPMENT_TEAM = YE28Y3LX8V;
				GENERATE_INFOPLIST_FILE = YES;
				IPHONEOS_DEPLOYMENT_TARGET = 17.0;
				MARKETING_VERSION = 1.0;
				PRODUCT_BUNDLE_IDENTIFIER = com.movie.cinerater.CineRaterTests;
				PRODUCT_NAME = "$(TARGET_NAME)";
				SWIFT_EMIT_LOC_STRINGS = NO;
				SWIFT_VERSION = 5.0;
				TARGETED_DEVICE_FAMILY = "1,2";
				TEST_HOST = "$(BUILT_PRODUCTS_DIR)/CineRater.app/$(BUNDLE_EXECUTABLE_FOLDER_PATH)/CineRater";
			};
			name = Debug;
		};
		4925ED6E2A837D5B00393AAC /* Release */ = {
			isa = XCBuildConfiguration;
			buildSettings = {
				ALWAYS_EMBED_SWIFT_STANDARD_LIBRARIES = YES;
				BUNDLE_LOADER = "$(TEST_HOST)";
				CODE_SIGN_STYLE = Manual;
				CURRENT_PROJECT_VERSION = 58;
				DEVELOPMENT_TEAM = "";
				GENERATE_INFOPLIST_FILE = YES;
				IPHONEOS_DEPLOYMENT_TARGET = 17.0;
				MARKETING_VERSION = 1.0;
				PRODUCT_BUNDLE_IDENTIFIER = com.movie.cinerater.CineRaterTests;
				PRODUCT_NAME = "$(TARGET_NAME)";
				PROVISIONING_PROFILE_SPECIFIER = "";
				SWIFT_EMIT_LOC_STRINGS = NO;
				SWIFT_VERSION = 5.0;
				TARGETED_DEVICE_FAMILY = "1,2";
				TEST_HOST = "$(BUILT_PRODUCTS_DIR)/CineRater.app/$(BUNDLE_EXECUTABLE_FOLDER_PATH)/CineRater";
			};
			name = Release;
		};
		4925ED702A837D5B00393AAC /* Debug */ = {
			isa = XCBuildConfiguration;
			buildSettings = {
				ALWAYS_EMBED_SWIFT_STANDARD_LIBRARIES = YES;
				CODE_SIGN_STYLE = Automatic;
				CURRENT_PROJECT_VERSION = 58;
				DEVELOPMENT_TEAM = YE28Y3LX8V;
				GENERATE_INFOPLIST_FILE = YES;
				MARKETING_VERSION = 1.0;
				PRODUCT_BUNDLE_IDENTIFIER = com.movie.cinerater.CineRaterUITests;
				PRODUCT_NAME = "$(TARGET_NAME)";
				SWIFT_EMIT_LOC_STRINGS = NO;
				SWIFT_VERSION = 5.0;
				TARGETED_DEVICE_FAMILY = "1,2";
				TEST_TARGET_NAME = CineRater;
			};
			name = Debug;
		};
		4925ED712A837D5B00393AAC /* Release */ = {
			isa = XCBuildConfiguration;
			buildSettings = {
				ALWAYS_EMBED_SWIFT_STANDARD_LIBRARIES = YES;
				CODE_SIGN_STYLE = Automatic;
				CURRENT_PROJECT_VERSION = 58;
				DEVELOPMENT_TEAM = YE28Y3LX8V;
				GENERATE_INFOPLIST_FILE = YES;
				MARKETING_VERSION = 1.0;
				PRODUCT_BUNDLE_IDENTIFIER = com.movie.cinerater.CineRaterUITests;
				PRODUCT_NAME = "$(TARGET_NAME)";
				SWIFT_EMIT_LOC_STRINGS = NO;
				SWIFT_VERSION = 5.0;
				TARGETED_DEVICE_FAMILY = "1,2";
				TEST_TARGET_NAME = CineRater;
			};
			name = Release;
		};
		49E93F5A2A974472005D2E03 /* Debug SIT */ = {
			isa = XCBuildConfiguration;
			buildSettings = {
				ALWAYS_SEARCH_USER_PATHS = NO;
				CLANG_ANALYZER_NONNULL = YES;
				CLANG_ANALYZER_NUMBER_OBJECT_CONVERSION = YES_AGGRESSIVE;
				CLANG_CXX_LANGUAGE_STANDARD = "gnu++20";
				CLANG_ENABLE_MODULES = YES;
				CLANG_ENABLE_OBJC_ARC = YES;
				CLANG_ENABLE_OBJC_WEAK = YES;
				CLANG_WARN_BLOCK_CAPTURE_AUTORELEASING = YES;
				CLANG_WARN_BOOL_CONVERSION = YES;
				CLANG_WARN_COMMA = YES;
				CLANG_WARN_CONSTANT_CONVERSION = YES;
				CLANG_WARN_DEPRECATED_OBJC_IMPLEMENTATIONS = YES;
				CLANG_WARN_DIRECT_OBJC_ISA_USAGE = YES_ERROR;
				CLANG_WARN_DOCUMENTATION_COMMENTS = YES;
				CLANG_WARN_EMPTY_BODY = YES;
				CLANG_WARN_ENUM_CONVERSION = YES;
				CLANG_WARN_INFINITE_RECURSION = YES;
				CLANG_WARN_INT_CONVERSION = YES;
				CLANG_WARN_NON_LITERAL_NULL_CONVERSION = YES;
				CLANG_WARN_OBJC_IMPLICIT_RETAIN_SELF = YES;
				CLANG_WARN_OBJC_LITERAL_CONVERSION = YES;
				CLANG_WARN_OBJC_ROOT_CLASS = YES_ERROR;
				CLANG_WARN_QUOTED_INCLUDE_IN_FRAMEWORK_HEADER = YES;
				CLANG_WARN_RANGE_LOOP_ANALYSIS = YES;
				CLANG_WARN_STRICT_PROTOTYPES = YES;
				CLANG_WARN_SUSPICIOUS_MOVE = YES;
				CLANG_WARN_UNGUARDED_AVAILABILITY = YES_AGGRESSIVE;
				CLANG_WARN_UNREACHABLE_CODE = YES;
				CLANG_WARN__DUPLICATE_METHOD_MATCH = YES;
				CODE_SIGN_IDENTITY = "Apple Distribution";
				COPY_PHASE_STRIP = NO;
				DEBUG_INFORMATION_FORMAT = dwarf;
				ENABLE_STRICT_OBJC_MSGSEND = YES;
				ENABLE_TESTABILITY = YES;
				GCC_C_LANGUAGE_STANDARD = gnu11;
				GCC_DYNAMIC_NO_PIC = NO;
				GCC_NO_COMMON_BLOCKS = YES;
				GCC_OPTIMIZATION_LEVEL = 0;
				GCC_PREPROCESSOR_DEFINITIONS = (
					"DEBUG=1",
					"$(inherited)",
				);
				GCC_WARN_64_TO_32_BIT_CONVERSION = YES;
				GCC_WARN_ABOUT_RETURN_TYPE = YES_ERROR;
				GCC_WARN_UNDECLARED_SELECTOR = YES;
				GCC_WARN_UNINITIALIZED_AUTOS = YES_AGGRESSIVE;
				GCC_WARN_UNUSED_FUNCTION = YES;
				GCC_WARN_UNUSED_VARIABLE = YES;
				IPHONEOS_DEPLOYMENT_TARGET = 17.0;
				MTL_ENABLE_DEBUG_INFO = INCLUDE_SOURCE;
				MTL_FAST_MATH = YES;
				ONLY_ACTIVE_ARCH = YES;
				SDKROOT = iphoneos;
				SWIFT_ACTIVE_COMPILATION_CONDITIONS = "DEBUG SIT";
				SWIFT_OPTIMIZATION_LEVEL = "-Onone";
			};
			name = "Debug SIT";
		};
		49E93F5B2A974472005D2E03 /* Debug SIT */ = {
			isa = XCBuildConfiguration;
			buildSettings = {
				ASSETCATALOG_COMPILER_APPICON_NAME = AppIcon;
				ASSETCATALOG_COMPILER_GLOBAL_ACCENT_COLOR_NAME = AccentColor;
				CODE_SIGN_IDENTITY = "Apple Development";
				"CODE_SIGN_IDENTITY[sdk=iphoneos*]" = "iPhone Distribution";
				CODE_SIGN_STYLE = Manual;
				CURRENT_PROJECT_VERSION = 58;
				DEVELOPMENT_ASSET_PATHS = "\"CineRater/Preview Content\"";
				DEVELOPMENT_TEAM = "";
				"DEVELOPMENT_TEAM[sdk=iphoneos*]" = YE28Y3LX8V;
				ENABLE_PREVIEWS = YES;
				GENERATE_INFOPLIST_FILE = YES;
				INFOPLIST_KEY_UIApplicationSceneManifest_Generation = YES;
				INFOPLIST_KEY_UIApplicationSupportsIndirectInputEvents = YES;
				INFOPLIST_KEY_UILaunchScreen_Generation = YES;
				INFOPLIST_KEY_UISupportedInterfaceOrientations_iPad = "UIInterfaceOrientationPortrait UIInterfaceOrientationPortraitUpsideDown UIInterfaceOrientationLandscapeLeft UIInterfaceOrientationLandscapeRight";
				INFOPLIST_KEY_UISupportedInterfaceOrientations_iPhone = "UIInterfaceOrientationPortrait UIInterfaceOrientationLandscapeLeft UIInterfaceOrientationLandscapeRight";
				IPHONEOS_DEPLOYMENT_TARGET = 17.0;
				LD_RUNPATH_SEARCH_PATHS = (
					"$(inherited)",
					"@executable_path/Frameworks",
				);
				MARKETING_VERSION = 1.0;
				PRODUCT_BUNDLE_IDENTIFIER = com.7peakssoftware.cinerater.CineRater;
				PRODUCT_NAME = "$(TARGET_NAME)";
				PROVISIONING_PROFILE_SPECIFIER = "";
				"PROVISIONING_PROFILE_SPECIFIER[sdk=iphoneos*]" = CineRater;
				SWIFT_EMIT_LOC_STRINGS = YES;
				SWIFT_VERSION = 5.0;
				TARGETED_DEVICE_FAMILY = "1,2";
				VERSIONING_SYSTEM = "apple-generic";
			};
			name = "Debug SIT";
		};
		49E93F5C2A974472005D2E03 /* Debug SIT */ = {
			isa = XCBuildConfiguration;
			buildSettings = {
				ALWAYS_EMBED_SWIFT_STANDARD_LIBRARIES = YES;
				BUNDLE_LOADER = "$(TEST_HOST)";
				CODE_SIGN_STYLE = Automatic;
				CURRENT_PROJECT_VERSION = 58;
				DEVELOPMENT_TEAM = YE28Y3LX8V;
				GENERATE_INFOPLIST_FILE = YES;
				IPHONEOS_DEPLOYMENT_TARGET = 17.0;
				MARKETING_VERSION = 1.0;
				PRODUCT_BUNDLE_IDENTIFIER = com.movie.cinerater.CineRaterTests;
				PRODUCT_NAME = "$(TARGET_NAME)";
				SWIFT_EMIT_LOC_STRINGS = NO;
				SWIFT_VERSION = 5.0;
				TARGETED_DEVICE_FAMILY = "1,2";
				TEST_HOST = "$(BUILT_PRODUCTS_DIR)/CineRater.app/$(BUNDLE_EXECUTABLE_FOLDER_PATH)/CineRater";
			};
			name = "Debug SIT";
		};
		49E93F5D2A974472005D2E03 /* Debug SIT */ = {
			isa = XCBuildConfiguration;
			buildSettings = {
				ALWAYS_EMBED_SWIFT_STANDARD_LIBRARIES = YES;
				CODE_SIGN_STYLE = Automatic;
				CURRENT_PROJECT_VERSION = 58;
				DEVELOPMENT_TEAM = YE28Y3LX8V;
				GENERATE_INFOPLIST_FILE = YES;
				MARKETING_VERSION = 1.0;
				PRODUCT_BUNDLE_IDENTIFIER = com.movie.cinerater.CineRaterUITests;
				PRODUCT_NAME = "$(TARGET_NAME)";
				SWIFT_EMIT_LOC_STRINGS = NO;
				SWIFT_VERSION = 5.0;
				TARGETED_DEVICE_FAMILY = "1,2";
				TEST_TARGET_NAME = CineRater;
			};
			name = "Debug SIT";
		};
		49E93F5E2A97447C005D2E03 /* Debug UAT */ = {
			isa = XCBuildConfiguration;
			buildSettings = {
				ALWAYS_SEARCH_USER_PATHS = NO;
				CLANG_ANALYZER_NONNULL = YES;
				CLANG_ANALYZER_NUMBER_OBJECT_CONVERSION = YES_AGGRESSIVE;
				CLANG_CXX_LANGUAGE_STANDARD = "gnu++20";
				CLANG_ENABLE_MODULES = YES;
				CLANG_ENABLE_OBJC_ARC = YES;
				CLANG_ENABLE_OBJC_WEAK = YES;
				CLANG_WARN_BLOCK_CAPTURE_AUTORELEASING = YES;
				CLANG_WARN_BOOL_CONVERSION = YES;
				CLANG_WARN_COMMA = YES;
				CLANG_WARN_CONSTANT_CONVERSION = YES;
				CLANG_WARN_DEPRECATED_OBJC_IMPLEMENTATIONS = YES;
				CLANG_WARN_DIRECT_OBJC_ISA_USAGE = YES_ERROR;
				CLANG_WARN_DOCUMENTATION_COMMENTS = YES;
				CLANG_WARN_EMPTY_BODY = YES;
				CLANG_WARN_ENUM_CONVERSION = YES;
				CLANG_WARN_INFINITE_RECURSION = YES;
				CLANG_WARN_INT_CONVERSION = YES;
				CLANG_WARN_NON_LITERAL_NULL_CONVERSION = YES;
				CLANG_WARN_OBJC_IMPLICIT_RETAIN_SELF = YES;
				CLANG_WARN_OBJC_LITERAL_CONVERSION = YES;
				CLANG_WARN_OBJC_ROOT_CLASS = YES_ERROR;
				CLANG_WARN_QUOTED_INCLUDE_IN_FRAMEWORK_HEADER = YES;
				CLANG_WARN_RANGE_LOOP_ANALYSIS = YES;
				CLANG_WARN_STRICT_PROTOTYPES = YES;
				CLANG_WARN_SUSPICIOUS_MOVE = YES;
				CLANG_WARN_UNGUARDED_AVAILABILITY = YES_AGGRESSIVE;
				CLANG_WARN_UNREACHABLE_CODE = YES;
				CLANG_WARN__DUPLICATE_METHOD_MATCH = YES;
				CODE_SIGN_IDENTITY = "Apple Distribution";
				COPY_PHASE_STRIP = NO;
				DEBUG_INFORMATION_FORMAT = dwarf;
				ENABLE_STRICT_OBJC_MSGSEND = YES;
				ENABLE_TESTABILITY = YES;
				GCC_C_LANGUAGE_STANDARD = gnu11;
				GCC_DYNAMIC_NO_PIC = NO;
				GCC_NO_COMMON_BLOCKS = YES;
				GCC_OPTIMIZATION_LEVEL = 0;
				GCC_PREPROCESSOR_DEFINITIONS = (
					"DEBUG=1",
					"$(inherited)",
				);
				GCC_WARN_64_TO_32_BIT_CONVERSION = YES;
				GCC_WARN_ABOUT_RETURN_TYPE = YES_ERROR;
				GCC_WARN_UNDECLARED_SELECTOR = YES;
				GCC_WARN_UNINITIALIZED_AUTOS = YES_AGGRESSIVE;
				GCC_WARN_UNUSED_FUNCTION = YES;
				GCC_WARN_UNUSED_VARIABLE = YES;
				IPHONEOS_DEPLOYMENT_TARGET = 17.0;
				MTL_ENABLE_DEBUG_INFO = INCLUDE_SOURCE;
				MTL_FAST_MATH = YES;
				ONLY_ACTIVE_ARCH = YES;
				SDKROOT = iphoneos;
				SWIFT_ACTIVE_COMPILATION_CONDITIONS = "DEBUG UAT";
				SWIFT_OPTIMIZATION_LEVEL = "-Onone";
			};
			name = "Debug UAT";
		};
		49E93F5F2A97447C005D2E03 /* Debug UAT */ = {
			isa = XCBuildConfiguration;
			buildSettings = {
				ASSETCATALOG_COMPILER_APPICON_NAME = AppIcon;
				ASSETCATALOG_COMPILER_GLOBAL_ACCENT_COLOR_NAME = AccentColor;
				CODE_SIGN_IDENTITY = "Apple Development";
				"CODE_SIGN_IDENTITY[sdk=iphoneos*]" = "iPhone Distribution";
				CODE_SIGN_STYLE = Manual;
				CURRENT_PROJECT_VERSION = 58;
				DEVELOPMENT_ASSET_PATHS = "\"CineRater/Preview Content\"";
				DEVELOPMENT_TEAM = "";
				"DEVELOPMENT_TEAM[sdk=iphoneos*]" = YE28Y3LX8V;
				ENABLE_PREVIEWS = YES;
				GENERATE_INFOPLIST_FILE = YES;
				INFOPLIST_KEY_UIApplicationSceneManifest_Generation = YES;
				INFOPLIST_KEY_UIApplicationSupportsIndirectInputEvents = YES;
				INFOPLIST_KEY_UILaunchScreen_Generation = YES;
				INFOPLIST_KEY_UISupportedInterfaceOrientations_iPad = "UIInterfaceOrientationPortrait UIInterfaceOrientationPortraitUpsideDown UIInterfaceOrientationLandscapeLeft UIInterfaceOrientationLandscapeRight";
				INFOPLIST_KEY_UISupportedInterfaceOrientations_iPhone = "UIInterfaceOrientationPortrait UIInterfaceOrientationLandscapeLeft UIInterfaceOrientationLandscapeRight";
				IPHONEOS_DEPLOYMENT_TARGET = 17.0;
				LD_RUNPATH_SEARCH_PATHS = (
					"$(inherited)",
					"@executable_path/Frameworks",
				);
				MARKETING_VERSION = 1.0;
				PRODUCT_BUNDLE_IDENTIFIER = com.7peakssoftware.cinerater.CineRater;
				PRODUCT_NAME = "$(TARGET_NAME)";
				PROVISIONING_PROFILE_SPECIFIER = "";
				"PROVISIONING_PROFILE_SPECIFIER[sdk=iphoneos*]" = CineRater;
				SWIFT_EMIT_LOC_STRINGS = YES;
				SWIFT_VERSION = 5.0;
				TARGETED_DEVICE_FAMILY = "1,2";
				VERSIONING_SYSTEM = "apple-generic";
			};
			name = "Debug UAT";
		};
		49E93F602A97447C005D2E03 /* Debug UAT */ = {
			isa = XCBuildConfiguration;
			buildSettings = {
				ALWAYS_EMBED_SWIFT_STANDARD_LIBRARIES = YES;
				BUNDLE_LOADER = "$(TEST_HOST)";
				CODE_SIGN_STYLE = Automatic;
				CURRENT_PROJECT_VERSION = 58;
				DEVELOPMENT_TEAM = YE28Y3LX8V;
				GENERATE_INFOPLIST_FILE = YES;
				IPHONEOS_DEPLOYMENT_TARGET = 17.0;
				MARKETING_VERSION = 1.0;
				PRODUCT_BUNDLE_IDENTIFIER = com.movie.cinerater.CineRaterTests;
				PRODUCT_NAME = "$(TARGET_NAME)";
				SWIFT_EMIT_LOC_STRINGS = NO;
				SWIFT_VERSION = 5.0;
				TARGETED_DEVICE_FAMILY = "1,2";
				TEST_HOST = "$(BUILT_PRODUCTS_DIR)/CineRater.app/$(BUNDLE_EXECUTABLE_FOLDER_PATH)/CineRater";
			};
			name = "Debug UAT";
		};
		49E93F612A97447C005D2E03 /* Debug UAT */ = {
			isa = XCBuildConfiguration;
			buildSettings = {
				ALWAYS_EMBED_SWIFT_STANDARD_LIBRARIES = YES;
				CODE_SIGN_STYLE = Automatic;
				CURRENT_PROJECT_VERSION = 58;
				DEVELOPMENT_TEAM = YE28Y3LX8V;
				GENERATE_INFOPLIST_FILE = YES;
				MARKETING_VERSION = 1.0;
				PRODUCT_BUNDLE_IDENTIFIER = com.movie.cinerater.CineRaterUITests;
				PRODUCT_NAME = "$(TARGET_NAME)";
				SWIFT_EMIT_LOC_STRINGS = NO;
				SWIFT_VERSION = 5.0;
				TARGETED_DEVICE_FAMILY = "1,2";
				TEST_TARGET_NAME = CineRater;
			};
			name = "Debug UAT";
		};
		49E93F622A974484005D2E03 /* Debug DEV */ = {
			isa = XCBuildConfiguration;
			buildSettings = {
				ALWAYS_SEARCH_USER_PATHS = NO;
				CLANG_ANALYZER_NONNULL = YES;
				CLANG_ANALYZER_NUMBER_OBJECT_CONVERSION = YES_AGGRESSIVE;
				CLANG_CXX_LANGUAGE_STANDARD = "gnu++20";
				CLANG_ENABLE_MODULES = YES;
				CLANG_ENABLE_OBJC_ARC = YES;
				CLANG_ENABLE_OBJC_WEAK = YES;
				CLANG_WARN_BLOCK_CAPTURE_AUTORELEASING = YES;
				CLANG_WARN_BOOL_CONVERSION = YES;
				CLANG_WARN_COMMA = YES;
				CLANG_WARN_CONSTANT_CONVERSION = YES;
				CLANG_WARN_DEPRECATED_OBJC_IMPLEMENTATIONS = YES;
				CLANG_WARN_DIRECT_OBJC_ISA_USAGE = YES_ERROR;
				CLANG_WARN_DOCUMENTATION_COMMENTS = YES;
				CLANG_WARN_EMPTY_BODY = YES;
				CLANG_WARN_ENUM_CONVERSION = YES;
				CLANG_WARN_INFINITE_RECURSION = YES;
				CLANG_WARN_INT_CONVERSION = YES;
				CLANG_WARN_NON_LITERAL_NULL_CONVERSION = YES;
				CLANG_WARN_OBJC_IMPLICIT_RETAIN_SELF = YES;
				CLANG_WARN_OBJC_LITERAL_CONVERSION = YES;
				CLANG_WARN_OBJC_ROOT_CLASS = YES_ERROR;
				CLANG_WARN_QUOTED_INCLUDE_IN_FRAMEWORK_HEADER = YES;
				CLANG_WARN_RANGE_LOOP_ANALYSIS = YES;
				CLANG_WARN_STRICT_PROTOTYPES = YES;
				CLANG_WARN_SUSPICIOUS_MOVE = YES;
				CLANG_WARN_UNGUARDED_AVAILABILITY = YES_AGGRESSIVE;
				CLANG_WARN_UNREACHABLE_CODE = YES;
				CLANG_WARN__DUPLICATE_METHOD_MATCH = YES;
				CODE_SIGN_IDENTITY = "Apple Distribution";
				COPY_PHASE_STRIP = NO;
				DEBUG_INFORMATION_FORMAT = dwarf;
				ENABLE_STRICT_OBJC_MSGSEND = YES;
				ENABLE_TESTABILITY = YES;
				GCC_C_LANGUAGE_STANDARD = gnu11;
				GCC_DYNAMIC_NO_PIC = NO;
				GCC_NO_COMMON_BLOCKS = YES;
				GCC_OPTIMIZATION_LEVEL = 0;
				GCC_PREPROCESSOR_DEFINITIONS = (
					"DEBUG=1",
					"$(inherited)",
				);
				GCC_WARN_64_TO_32_BIT_CONVERSION = YES;
				GCC_WARN_ABOUT_RETURN_TYPE = YES_ERROR;
				GCC_WARN_UNDECLARED_SELECTOR = YES;
				GCC_WARN_UNINITIALIZED_AUTOS = YES_AGGRESSIVE;
				GCC_WARN_UNUSED_FUNCTION = YES;
				GCC_WARN_UNUSED_VARIABLE = YES;
				IPHONEOS_DEPLOYMENT_TARGET = 17.0;
				MTL_ENABLE_DEBUG_INFO = INCLUDE_SOURCE;
				MTL_FAST_MATH = YES;
				ONLY_ACTIVE_ARCH = YES;
				SDKROOT = iphoneos;
				SWIFT_ACTIVE_COMPILATION_CONDITIONS = "DEBUG DEV";
				SWIFT_OPTIMIZATION_LEVEL = "-Onone";
			};
			name = "Debug DEV";
		};
		49E93F632A974484005D2E03 /* Debug DEV */ = {
			isa = XCBuildConfiguration;
			buildSettings = {
				ASSETCATALOG_COMPILER_APPICON_NAME = AppIcon;
				ASSETCATALOG_COMPILER_GLOBAL_ACCENT_COLOR_NAME = AccentColor;
				CODE_SIGN_IDENTITY = "Apple Development";
				"CODE_SIGN_IDENTITY[sdk=iphoneos*]" = "iPhone Distribution";
				CODE_SIGN_STYLE = Manual;
				CURRENT_PROJECT_VERSION = 58;
				DEVELOPMENT_ASSET_PATHS = "\"CineRater/Preview Content\"";
				DEVELOPMENT_TEAM = "";
				"DEVELOPMENT_TEAM[sdk=iphoneos*]" = YE28Y3LX8V;
				ENABLE_PREVIEWS = YES;
				GENERATE_INFOPLIST_FILE = YES;
				INFOPLIST_KEY_UIApplicationSceneManifest_Generation = YES;
				INFOPLIST_KEY_UIApplicationSupportsIndirectInputEvents = YES;
				INFOPLIST_KEY_UILaunchScreen_Generation = YES;
				INFOPLIST_KEY_UISupportedInterfaceOrientations_iPad = "UIInterfaceOrientationPortrait UIInterfaceOrientationPortraitUpsideDown UIInterfaceOrientationLandscapeLeft UIInterfaceOrientationLandscapeRight";
				INFOPLIST_KEY_UISupportedInterfaceOrientations_iPhone = "UIInterfaceOrientationPortrait UIInterfaceOrientationLandscapeLeft UIInterfaceOrientationLandscapeRight";
				IPHONEOS_DEPLOYMENT_TARGET = 17.0;
				LD_RUNPATH_SEARCH_PATHS = (
					"$(inherited)",
					"@executable_path/Frameworks",
				);
				MARKETING_VERSION = 1.0;
				PRODUCT_BUNDLE_IDENTIFIER = com.7peakssoftware.cinerater.CineRater;
				PRODUCT_NAME = "$(TARGET_NAME)";
				PROVISIONING_PROFILE_SPECIFIER = "";
				"PROVISIONING_PROFILE_SPECIFIER[sdk=iphoneos*]" = CineRater;
				SWIFT_EMIT_LOC_STRINGS = YES;
				SWIFT_VERSION = 5.0;
				TARGETED_DEVICE_FAMILY = "1,2";
				VERSIONING_SYSTEM = "apple-generic";
			};
			name = "Debug DEV";
		};
		49E93F642A974484005D2E03 /* Debug DEV */ = {
			isa = XCBuildConfiguration;
			buildSettings = {
				ALWAYS_EMBED_SWIFT_STANDARD_LIBRARIES = YES;
				BUNDLE_LOADER = "$(TEST_HOST)";
				CODE_SIGN_STYLE = Automatic;
				CURRENT_PROJECT_VERSION = 58;
				DEVELOPMENT_TEAM = YE28Y3LX8V;
				GENERATE_INFOPLIST_FILE = YES;
				IPHONEOS_DEPLOYMENT_TARGET = 17.0;
				MARKETING_VERSION = 1.0;
				PRODUCT_BUNDLE_IDENTIFIER = com.movie.cinerater.CineRaterTests;
				PRODUCT_NAME = "$(TARGET_NAME)";
				SWIFT_EMIT_LOC_STRINGS = NO;
				SWIFT_VERSION = 5.0;
				TARGETED_DEVICE_FAMILY = "1,2";
				TEST_HOST = "$(BUILT_PRODUCTS_DIR)/CineRater.app/$(BUNDLE_EXECUTABLE_FOLDER_PATH)/CineRater";
			};
			name = "Debug DEV";
		};
		49E93F652A974484005D2E03 /* Debug DEV */ = {
			isa = XCBuildConfiguration;
			buildSettings = {
				ALWAYS_EMBED_SWIFT_STANDARD_LIBRARIES = YES;
				CODE_SIGN_STYLE = Automatic;
				CURRENT_PROJECT_VERSION = 58;
				DEVELOPMENT_TEAM = YE28Y3LX8V;
				GENERATE_INFOPLIST_FILE = YES;
				MARKETING_VERSION = 1.0;
				PRODUCT_BUNDLE_IDENTIFIER = com.movie.cinerater.CineRaterUITests;
				PRODUCT_NAME = "$(TARGET_NAME)";
				SWIFT_EMIT_LOC_STRINGS = NO;
				SWIFT_VERSION = 5.0;
				TARGETED_DEVICE_FAMILY = "1,2";
				TEST_TARGET_NAME = CineRater;
			};
			name = "Debug DEV";
		};
		49E93F662A97448B005D2E03 /* Release SIT */ = {
			isa = XCBuildConfiguration;
			buildSettings = {
				ALWAYS_SEARCH_USER_PATHS = NO;
				CLANG_ANALYZER_NONNULL = YES;
				CLANG_ANALYZER_NUMBER_OBJECT_CONVERSION = YES_AGGRESSIVE;
				CLANG_CXX_LANGUAGE_STANDARD = "gnu++20";
				CLANG_ENABLE_MODULES = YES;
				CLANG_ENABLE_OBJC_ARC = YES;
				CLANG_ENABLE_OBJC_WEAK = YES;
				CLANG_WARN_BLOCK_CAPTURE_AUTORELEASING = YES;
				CLANG_WARN_BOOL_CONVERSION = YES;
				CLANG_WARN_COMMA = YES;
				CLANG_WARN_CONSTANT_CONVERSION = YES;
				CLANG_WARN_DEPRECATED_OBJC_IMPLEMENTATIONS = YES;
				CLANG_WARN_DIRECT_OBJC_ISA_USAGE = YES_ERROR;
				CLANG_WARN_DOCUMENTATION_COMMENTS = YES;
				CLANG_WARN_EMPTY_BODY = YES;
				CLANG_WARN_ENUM_CONVERSION = YES;
				CLANG_WARN_INFINITE_RECURSION = YES;
				CLANG_WARN_INT_CONVERSION = YES;
				CLANG_WARN_NON_LITERAL_NULL_CONVERSION = YES;
				CLANG_WARN_OBJC_IMPLICIT_RETAIN_SELF = YES;
				CLANG_WARN_OBJC_LITERAL_CONVERSION = YES;
				CLANG_WARN_OBJC_ROOT_CLASS = YES_ERROR;
				CLANG_WARN_QUOTED_INCLUDE_IN_FRAMEWORK_HEADER = YES;
				CLANG_WARN_RANGE_LOOP_ANALYSIS = YES;
				CLANG_WARN_STRICT_PROTOTYPES = YES;
				CLANG_WARN_SUSPICIOUS_MOVE = YES;
				CLANG_WARN_UNGUARDED_AVAILABILITY = YES_AGGRESSIVE;
				CLANG_WARN_UNREACHABLE_CODE = YES;
				CLANG_WARN__DUPLICATE_METHOD_MATCH = YES;
				CODE_SIGN_IDENTITY = "Apple Distribution";
				COPY_PHASE_STRIP = NO;
				DEBUG_INFORMATION_FORMAT = "dwarf-with-dsym";
				ENABLE_NS_ASSERTIONS = NO;
				ENABLE_STRICT_OBJC_MSGSEND = YES;
				GCC_C_LANGUAGE_STANDARD = gnu11;
				GCC_NO_COMMON_BLOCKS = YES;
				GCC_WARN_64_TO_32_BIT_CONVERSION = YES;
				GCC_WARN_ABOUT_RETURN_TYPE = YES_ERROR;
				GCC_WARN_UNDECLARED_SELECTOR = YES;
				GCC_WARN_UNINITIALIZED_AUTOS = YES_AGGRESSIVE;
				GCC_WARN_UNUSED_FUNCTION = YES;
				GCC_WARN_UNUSED_VARIABLE = YES;
				IPHONEOS_DEPLOYMENT_TARGET = 17.0;
				MTL_ENABLE_DEBUG_INFO = NO;
				MTL_FAST_MATH = YES;
				SDKROOT = iphoneos;
				SWIFT_ACTIVE_COMPILATION_CONDITIONS = SIT;
				SWIFT_COMPILATION_MODE = wholemodule;
				SWIFT_OPTIMIZATION_LEVEL = "-O";
				VALIDATE_PRODUCT = YES;
			};
			name = "Release SIT";
		};
		49E93F672A97448B005D2E03 /* Release SIT */ = {
			isa = XCBuildConfiguration;
			buildSettings = {
				ASSETCATALOG_COMPILER_APPICON_NAME = AppIcon;
				ASSETCATALOG_COMPILER_GLOBAL_ACCENT_COLOR_NAME = AccentColor;
				CODE_SIGN_IDENTITY = "Apple Development";
				"CODE_SIGN_IDENTITY[sdk=iphoneos*]" = "iPhone Distribution";
				CODE_SIGN_STYLE = Manual;
				CURRENT_PROJECT_VERSION = 58;
				DEVELOPMENT_ASSET_PATHS = "\"CineRater/Preview Content\"";
				DEVELOPMENT_TEAM = "";
				"DEVELOPMENT_TEAM[sdk=iphoneos*]" = YE28Y3LX8V;
				ENABLE_PREVIEWS = YES;
				GENERATE_INFOPLIST_FILE = YES;
				INFOPLIST_KEY_UIApplicationSceneManifest_Generation = YES;
				INFOPLIST_KEY_UIApplicationSupportsIndirectInputEvents = YES;
				INFOPLIST_KEY_UILaunchScreen_Generation = YES;
				INFOPLIST_KEY_UISupportedInterfaceOrientations_iPad = "UIInterfaceOrientationPortrait UIInterfaceOrientationPortraitUpsideDown UIInterfaceOrientationLandscapeLeft UIInterfaceOrientationLandscapeRight";
				INFOPLIST_KEY_UISupportedInterfaceOrientations_iPhone = "UIInterfaceOrientationPortrait UIInterfaceOrientationLandscapeLeft UIInterfaceOrientationLandscapeRight";
				IPHONEOS_DEPLOYMENT_TARGET = 17.0;
				LD_RUNPATH_SEARCH_PATHS = (
					"$(inherited)",
					"@executable_path/Frameworks",
				);
				MARKETING_VERSION = 1.0;
				PRODUCT_BUNDLE_IDENTIFIER = com.7peakssoftware.cinerater.CineRater;
				PRODUCT_NAME = "$(TARGET_NAME)";
				PROVISIONING_PROFILE_SPECIFIER = "";
				"PROVISIONING_PROFILE_SPECIFIER[sdk=iphoneos*]" = CineRater;
				SWIFT_EMIT_LOC_STRINGS = YES;
				SWIFT_VERSION = 5.0;
				TARGETED_DEVICE_FAMILY = "1,2";
				VERSIONING_SYSTEM = "apple-generic";
			};
			name = "Release SIT";
		};
		49E93F682A97448B005D2E03 /* Release SIT */ = {
			isa = XCBuildConfiguration;
			buildSettings = {
				ALWAYS_EMBED_SWIFT_STANDARD_LIBRARIES = YES;
				BUNDLE_LOADER = "$(TEST_HOST)";
				CODE_SIGN_STYLE = Automatic;
				CURRENT_PROJECT_VERSION = 58;
				DEVELOPMENT_TEAM = YE28Y3LX8V;
				GENERATE_INFOPLIST_FILE = YES;
				IPHONEOS_DEPLOYMENT_TARGET = 17.0;
				MARKETING_VERSION = 1.0;
				PRODUCT_BUNDLE_IDENTIFIER = com.movie.cinerater.CineRaterTests;
				PRODUCT_NAME = "$(TARGET_NAME)";
				SWIFT_EMIT_LOC_STRINGS = NO;
				SWIFT_VERSION = 5.0;
				TARGETED_DEVICE_FAMILY = "1,2";
				TEST_HOST = "$(BUILT_PRODUCTS_DIR)/CineRater.app/$(BUNDLE_EXECUTABLE_FOLDER_PATH)/CineRater";
			};
			name = "Release SIT";
		};
		49E93F692A97448B005D2E03 /* Release SIT */ = {
			isa = XCBuildConfiguration;
			buildSettings = {
				ALWAYS_EMBED_SWIFT_STANDARD_LIBRARIES = YES;
				CODE_SIGN_STYLE = Automatic;
				CURRENT_PROJECT_VERSION = 58;
				DEVELOPMENT_TEAM = YE28Y3LX8V;
				GENERATE_INFOPLIST_FILE = YES;
				MARKETING_VERSION = 1.0;
				PRODUCT_BUNDLE_IDENTIFIER = com.movie.cinerater.CineRaterUITests;
				PRODUCT_NAME = "$(TARGET_NAME)";
				SWIFT_EMIT_LOC_STRINGS = NO;
				SWIFT_VERSION = 5.0;
				TARGETED_DEVICE_FAMILY = "1,2";
				TEST_TARGET_NAME = CineRater;
			};
			name = "Release SIT";
		};
		49E93F6A2A974491005D2E03 /* Release UAT */ = {
			isa = XCBuildConfiguration;
			buildSettings = {
				ALWAYS_SEARCH_USER_PATHS = NO;
				CLANG_ANALYZER_NONNULL = YES;
				CLANG_ANALYZER_NUMBER_OBJECT_CONVERSION = YES_AGGRESSIVE;
				CLANG_CXX_LANGUAGE_STANDARD = "gnu++20";
				CLANG_ENABLE_MODULES = YES;
				CLANG_ENABLE_OBJC_ARC = YES;
				CLANG_ENABLE_OBJC_WEAK = YES;
				CLANG_WARN_BLOCK_CAPTURE_AUTORELEASING = YES;
				CLANG_WARN_BOOL_CONVERSION = YES;
				CLANG_WARN_COMMA = YES;
				CLANG_WARN_CONSTANT_CONVERSION = YES;
				CLANG_WARN_DEPRECATED_OBJC_IMPLEMENTATIONS = YES;
				CLANG_WARN_DIRECT_OBJC_ISA_USAGE = YES_ERROR;
				CLANG_WARN_DOCUMENTATION_COMMENTS = YES;
				CLANG_WARN_EMPTY_BODY = YES;
				CLANG_WARN_ENUM_CONVERSION = YES;
				CLANG_WARN_INFINITE_RECURSION = YES;
				CLANG_WARN_INT_CONVERSION = YES;
				CLANG_WARN_NON_LITERAL_NULL_CONVERSION = YES;
				CLANG_WARN_OBJC_IMPLICIT_RETAIN_SELF = YES;
				CLANG_WARN_OBJC_LITERAL_CONVERSION = YES;
				CLANG_WARN_OBJC_ROOT_CLASS = YES_ERROR;
				CLANG_WARN_QUOTED_INCLUDE_IN_FRAMEWORK_HEADER = YES;
				CLANG_WARN_RANGE_LOOP_ANALYSIS = YES;
				CLANG_WARN_STRICT_PROTOTYPES = YES;
				CLANG_WARN_SUSPICIOUS_MOVE = YES;
				CLANG_WARN_UNGUARDED_AVAILABILITY = YES_AGGRESSIVE;
				CLANG_WARN_UNREACHABLE_CODE = YES;
				CLANG_WARN__DUPLICATE_METHOD_MATCH = YES;
				CODE_SIGN_IDENTITY = "Apple Distribution";
				COPY_PHASE_STRIP = NO;
				DEBUG_INFORMATION_FORMAT = "dwarf-with-dsym";
				ENABLE_NS_ASSERTIONS = NO;
				ENABLE_STRICT_OBJC_MSGSEND = YES;
				GCC_C_LANGUAGE_STANDARD = gnu11;
				GCC_NO_COMMON_BLOCKS = YES;
				GCC_WARN_64_TO_32_BIT_CONVERSION = YES;
				GCC_WARN_ABOUT_RETURN_TYPE = YES_ERROR;
				GCC_WARN_UNDECLARED_SELECTOR = YES;
				GCC_WARN_UNINITIALIZED_AUTOS = YES_AGGRESSIVE;
				GCC_WARN_UNUSED_FUNCTION = YES;
				GCC_WARN_UNUSED_VARIABLE = YES;
				IPHONEOS_DEPLOYMENT_TARGET = 17.0;
				MTL_ENABLE_DEBUG_INFO = NO;
				MTL_FAST_MATH = YES;
				SDKROOT = iphoneos;
				SWIFT_ACTIVE_COMPILATION_CONDITIONS = UAT;
				SWIFT_COMPILATION_MODE = wholemodule;
				SWIFT_OPTIMIZATION_LEVEL = "-O";
				VALIDATE_PRODUCT = YES;
			};
			name = "Release UAT";
		};
		49E93F6B2A974491005D2E03 /* Release UAT */ = {
			isa = XCBuildConfiguration;
			buildSettings = {
				ASSETCATALOG_COMPILER_APPICON_NAME = AppIcon;
				ASSETCATALOG_COMPILER_GLOBAL_ACCENT_COLOR_NAME = AccentColor;
				CODE_SIGN_IDENTITY = "Apple Development";
				"CODE_SIGN_IDENTITY[sdk=iphoneos*]" = "iPhone Distribution";
				CODE_SIGN_STYLE = Manual;
				CURRENT_PROJECT_VERSION = 58;
				DEVELOPMENT_ASSET_PATHS = "\"CineRater/Preview Content\"";
				DEVELOPMENT_TEAM = "";
				"DEVELOPMENT_TEAM[sdk=iphoneos*]" = YE28Y3LX8V;
				ENABLE_PREVIEWS = YES;
				GENERATE_INFOPLIST_FILE = YES;
				INFOPLIST_KEY_UIApplicationSceneManifest_Generation = YES;
				INFOPLIST_KEY_UIApplicationSupportsIndirectInputEvents = YES;
				INFOPLIST_KEY_UILaunchScreen_Generation = YES;
				INFOPLIST_KEY_UISupportedInterfaceOrientations_iPad = "UIInterfaceOrientationPortrait UIInterfaceOrientationPortraitUpsideDown UIInterfaceOrientationLandscapeLeft UIInterfaceOrientationLandscapeRight";
				INFOPLIST_KEY_UISupportedInterfaceOrientations_iPhone = "UIInterfaceOrientationPortrait UIInterfaceOrientationLandscapeLeft UIInterfaceOrientationLandscapeRight";
				IPHONEOS_DEPLOYMENT_TARGET = 17.0;
				LD_RUNPATH_SEARCH_PATHS = (
					"$(inherited)",
					"@executable_path/Frameworks",
				);
				MARKETING_VERSION = 1.0;
				PRODUCT_BUNDLE_IDENTIFIER = com.7peakssoftware.cinerater.CineRater;
				PRODUCT_NAME = "$(TARGET_NAME)";
				PROVISIONING_PROFILE_SPECIFIER = "";
				"PROVISIONING_PROFILE_SPECIFIER[sdk=iphoneos*]" = CineRater;
				SWIFT_EMIT_LOC_STRINGS = YES;
				SWIFT_VERSION = 5.0;
				TARGETED_DEVICE_FAMILY = "1,2";
				VERSIONING_SYSTEM = "apple-generic";
			};
			name = "Release UAT";
		};
		49E93F6C2A974491005D2E03 /* Release UAT */ = {
			isa = XCBuildConfiguration;
			buildSettings = {
				ALWAYS_EMBED_SWIFT_STANDARD_LIBRARIES = YES;
				BUNDLE_LOADER = "$(TEST_HOST)";
				CODE_SIGN_STYLE = Automatic;
				CURRENT_PROJECT_VERSION = 58;
				DEVELOPMENT_TEAM = YE28Y3LX8V;
				GENERATE_INFOPLIST_FILE = YES;
				IPHONEOS_DEPLOYMENT_TARGET = 17.0;
				MARKETING_VERSION = 1.0;
				PRODUCT_BUNDLE_IDENTIFIER = com.movie.cinerater.CineRaterTests;
				PRODUCT_NAME = "$(TARGET_NAME)";
				SWIFT_EMIT_LOC_STRINGS = NO;
				SWIFT_VERSION = 5.0;
				TARGETED_DEVICE_FAMILY = "1,2";
				TEST_HOST = "$(BUILT_PRODUCTS_DIR)/CineRater.app/$(BUNDLE_EXECUTABLE_FOLDER_PATH)/CineRater";
			};
			name = "Release UAT";
		};
		49E93F6D2A974491005D2E03 /* Release UAT */ = {
			isa = XCBuildConfiguration;
			buildSettings = {
				ALWAYS_EMBED_SWIFT_STANDARD_LIBRARIES = YES;
				CODE_SIGN_STYLE = Automatic;
				CURRENT_PROJECT_VERSION = 58;
				DEVELOPMENT_TEAM = YE28Y3LX8V;
				GENERATE_INFOPLIST_FILE = YES;
				MARKETING_VERSION = 1.0;
				PRODUCT_BUNDLE_IDENTIFIER = com.movie.cinerater.CineRaterUITests;
				PRODUCT_NAME = "$(TARGET_NAME)";
				SWIFT_EMIT_LOC_STRINGS = NO;
				SWIFT_VERSION = 5.0;
				TARGETED_DEVICE_FAMILY = "1,2";
				TEST_TARGET_NAME = CineRater;
			};
			name = "Release UAT";
		};
		49E93F6E2A97449B005D2E03 /* Release DEV */ = {
			isa = XCBuildConfiguration;
			buildSettings = {
				ALWAYS_SEARCH_USER_PATHS = NO;
				CLANG_ANALYZER_NONNULL = YES;
				CLANG_ANALYZER_NUMBER_OBJECT_CONVERSION = YES_AGGRESSIVE;
				CLANG_CXX_LANGUAGE_STANDARD = "gnu++20";
				CLANG_ENABLE_MODULES = YES;
				CLANG_ENABLE_OBJC_ARC = YES;
				CLANG_ENABLE_OBJC_WEAK = YES;
				CLANG_WARN_BLOCK_CAPTURE_AUTORELEASING = YES;
				CLANG_WARN_BOOL_CONVERSION = YES;
				CLANG_WARN_COMMA = YES;
				CLANG_WARN_CONSTANT_CONVERSION = YES;
				CLANG_WARN_DEPRECATED_OBJC_IMPLEMENTATIONS = YES;
				CLANG_WARN_DIRECT_OBJC_ISA_USAGE = YES_ERROR;
				CLANG_WARN_DOCUMENTATION_COMMENTS = YES;
				CLANG_WARN_EMPTY_BODY = YES;
				CLANG_WARN_ENUM_CONVERSION = YES;
				CLANG_WARN_INFINITE_RECURSION = YES;
				CLANG_WARN_INT_CONVERSION = YES;
				CLANG_WARN_NON_LITERAL_NULL_CONVERSION = YES;
				CLANG_WARN_OBJC_IMPLICIT_RETAIN_SELF = YES;
				CLANG_WARN_OBJC_LITERAL_CONVERSION = YES;
				CLANG_WARN_OBJC_ROOT_CLASS = YES_ERROR;
				CLANG_WARN_QUOTED_INCLUDE_IN_FRAMEWORK_HEADER = YES;
				CLANG_WARN_RANGE_LOOP_ANALYSIS = YES;
				CLANG_WARN_STRICT_PROTOTYPES = YES;
				CLANG_WARN_SUSPICIOUS_MOVE = YES;
				CLANG_WARN_UNGUARDED_AVAILABILITY = YES_AGGRESSIVE;
				CLANG_WARN_UNREACHABLE_CODE = YES;
				CLANG_WARN__DUPLICATE_METHOD_MATCH = YES;
				CODE_SIGN_IDENTITY = "Apple Distribution";
				COPY_PHASE_STRIP = NO;
				DEBUG_INFORMATION_FORMAT = "dwarf-with-dsym";
				ENABLE_NS_ASSERTIONS = NO;
				ENABLE_STRICT_OBJC_MSGSEND = YES;
				GCC_C_LANGUAGE_STANDARD = gnu11;
				GCC_NO_COMMON_BLOCKS = YES;
				GCC_WARN_64_TO_32_BIT_CONVERSION = YES;
				GCC_WARN_ABOUT_RETURN_TYPE = YES_ERROR;
				GCC_WARN_UNDECLARED_SELECTOR = YES;
				GCC_WARN_UNINITIALIZED_AUTOS = YES_AGGRESSIVE;
				GCC_WARN_UNUSED_FUNCTION = YES;
				GCC_WARN_UNUSED_VARIABLE = YES;
				IPHONEOS_DEPLOYMENT_TARGET = 17.0;
				MTL_ENABLE_DEBUG_INFO = NO;
				MTL_FAST_MATH = YES;
				SDKROOT = iphoneos;
				SWIFT_ACTIVE_COMPILATION_CONDITIONS = DEV;
				SWIFT_COMPILATION_MODE = wholemodule;
				SWIFT_OPTIMIZATION_LEVEL = "-O";
				VALIDATE_PRODUCT = YES;
			};
			name = "Release DEV";
		};
		49E93F6F2A97449B005D2E03 /* Release DEV */ = {
			isa = XCBuildConfiguration;
			buildSettings = {
				ASSETCATALOG_COMPILER_APPICON_NAME = AppIcon;
				ASSETCATALOG_COMPILER_GLOBAL_ACCENT_COLOR_NAME = AccentColor;
				CODE_SIGN_IDENTITY = "Apple Development";
				"CODE_SIGN_IDENTITY[sdk=iphoneos*]" = "iPhone Distribution";
				CODE_SIGN_STYLE = Manual;
				CURRENT_PROJECT_VERSION = 58;
				DEVELOPMENT_ASSET_PATHS = "\"CineRater/Preview Content\"";
				DEVELOPMENT_TEAM = "";
				"DEVELOPMENT_TEAM[sdk=iphoneos*]" = YE28Y3LX8V;
				ENABLE_PREVIEWS = YES;
				GENERATE_INFOPLIST_FILE = YES;
				INFOPLIST_KEY_UIApplicationSceneManifest_Generation = YES;
				INFOPLIST_KEY_UIApplicationSupportsIndirectInputEvents = YES;
				INFOPLIST_KEY_UILaunchScreen_Generation = YES;
				INFOPLIST_KEY_UISupportedInterfaceOrientations_iPad = "UIInterfaceOrientationPortrait UIInterfaceOrientationPortraitUpsideDown UIInterfaceOrientationLandscapeLeft UIInterfaceOrientationLandscapeRight";
				INFOPLIST_KEY_UISupportedInterfaceOrientations_iPhone = "UIInterfaceOrientationPortrait UIInterfaceOrientationLandscapeLeft UIInterfaceOrientationLandscapeRight";
				IPHONEOS_DEPLOYMENT_TARGET = 17.0;
				LD_RUNPATH_SEARCH_PATHS = (
					"$(inherited)",
					"@executable_path/Frameworks",
				);
				MARKETING_VERSION = 1.0;
				PRODUCT_BUNDLE_IDENTIFIER = com.7peakssoftware.cinerater.CineRater;
				PRODUCT_NAME = "$(TARGET_NAME)";
				PROVISIONING_PROFILE_SPECIFIER = "";
				"PROVISIONING_PROFILE_SPECIFIER[sdk=iphoneos*]" = CineRater;
				SWIFT_EMIT_LOC_STRINGS = YES;
				SWIFT_VERSION = 5.0;
				TARGETED_DEVICE_FAMILY = "1,2";
				VERSIONING_SYSTEM = "apple-generic";
			};
			name = "Release DEV";
		};
		49E93F702A97449B005D2E03 /* Release DEV */ = {
			isa = XCBuildConfiguration;
			buildSettings = {
				ALWAYS_EMBED_SWIFT_STANDARD_LIBRARIES = YES;
				BUNDLE_LOADER = "$(TEST_HOST)";
				CODE_SIGN_STYLE = Automatic;
				CURRENT_PROJECT_VERSION = 58;
				DEVELOPMENT_TEAM = YE28Y3LX8V;
				GENERATE_INFOPLIST_FILE = YES;
				IPHONEOS_DEPLOYMENT_TARGET = 17.0;
				MARKETING_VERSION = 1.0;
				PRODUCT_BUNDLE_IDENTIFIER = com.movie.cinerater.CineRaterTests;
				PRODUCT_NAME = "$(TARGET_NAME)";
				SWIFT_EMIT_LOC_STRINGS = NO;
				SWIFT_VERSION = 5.0;
				TARGETED_DEVICE_FAMILY = "1,2";
				TEST_HOST = "$(BUILT_PRODUCTS_DIR)/CineRater.app/$(BUNDLE_EXECUTABLE_FOLDER_PATH)/CineRater";
			};
			name = "Release DEV";
		};
		49E93F712A97449B005D2E03 /* Release DEV */ = {
			isa = XCBuildConfiguration;
			buildSettings = {
				ALWAYS_EMBED_SWIFT_STANDARD_LIBRARIES = YES;
				CODE_SIGN_STYLE = Automatic;
				CURRENT_PROJECT_VERSION = 58;
				DEVELOPMENT_TEAM = YE28Y3LX8V;
				GENERATE_INFOPLIST_FILE = YES;
				MARKETING_VERSION = 1.0;
				PRODUCT_BUNDLE_IDENTIFIER = com.movie.cinerater.CineRaterUITests;
				PRODUCT_NAME = "$(TARGET_NAME)";
				SWIFT_EMIT_LOC_STRINGS = NO;
				SWIFT_VERSION = 5.0;
				TARGETED_DEVICE_FAMILY = "1,2";
				TEST_TARGET_NAME = CineRater;
			};
			name = "Release DEV";
		};
/* End XCBuildConfiguration section */

/* Begin XCConfigurationList section */
		4925ED402A837D5A00393AAC /* Build configuration list for PBXProject "CineRater" */ = {
			isa = XCConfigurationList;
			buildConfigurations = (
				4925ED672A837D5B00393AAC /* Debug */,
				49E93F5A2A974472005D2E03 /* Debug SIT */,
				49E93F5E2A97447C005D2E03 /* Debug UAT */,
				49E93F622A974484005D2E03 /* Debug DEV */,
				4925ED682A837D5B00393AAC /* Release */,
				49E93F662A97448B005D2E03 /* Release SIT */,
				49E93F6A2A974491005D2E03 /* Release UAT */,
				49E93F6E2A97449B005D2E03 /* Release DEV */,
			);
			defaultConfigurationIsVisible = 0;
			defaultConfigurationName = Release;
		};
		4925ED692A837D5B00393AAC /* Build configuration list for PBXNativeTarget "CineRater" */ = {
			isa = XCConfigurationList;
			buildConfigurations = (
				4925ED6A2A837D5B00393AAC /* Debug */,
				49E93F5B2A974472005D2E03 /* Debug SIT */,
				49E93F5F2A97447C005D2E03 /* Debug UAT */,
				49E93F632A974484005D2E03 /* Debug DEV */,
				4925ED6B2A837D5B00393AAC /* Release */,
				49E93F672A97448B005D2E03 /* Release SIT */,
				49E93F6B2A974491005D2E03 /* Release UAT */,
				49E93F6F2A97449B005D2E03 /* Release DEV */,
			);
			defaultConfigurationIsVisible = 0;
			defaultConfigurationName = Release;
		};
		4925ED6C2A837D5B00393AAC /* Build configuration list for PBXNativeTarget "CineRaterTests" */ = {
			isa = XCConfigurationList;
			buildConfigurations = (
				4925ED6D2A837D5B00393AAC /* Debug */,
				49E93F5C2A974472005D2E03 /* Debug SIT */,
				49E93F602A97447C005D2E03 /* Debug UAT */,
				49E93F642A974484005D2E03 /* Debug DEV */,
				4925ED6E2A837D5B00393AAC /* Release */,
				49E93F682A97448B005D2E03 /* Release SIT */,
				49E93F6C2A974491005D2E03 /* Release UAT */,
				49E93F702A97449B005D2E03 /* Release DEV */,
			);
			defaultConfigurationIsVisible = 0;
			defaultConfigurationName = Release;
		};
		4925ED6F2A837D5B00393AAC /* Build configuration list for PBXNativeTarget "CineRaterUITests" */ = {
			isa = XCConfigurationList;
			buildConfigurations = (
				4925ED702A837D5B00393AAC /* Debug */,
				49E93F5D2A974472005D2E03 /* Debug SIT */,
				49E93F612A97447C005D2E03 /* Debug UAT */,
				49E93F652A974484005D2E03 /* Debug DEV */,
				4925ED712A837D5B00393AAC /* Release */,
				49E93F692A97448B005D2E03 /* Release SIT */,
				49E93F6D2A974491005D2E03 /* Release UAT */,
				49E93F712A97449B005D2E03 /* Release DEV */,
			);
			defaultConfigurationIsVisible = 0;
			defaultConfigurationName = Release;
		};
/* End XCConfigurationList section */
	};
	rootObject = 4925ED3D2A837D5A00393AAC /* Project object */;
}
